
Microsoft Visual Studio Solution File, Format Version 12.00
# Visual Studio Version 16
VisualStudioVersion = 16.0.30001.183
MinimumVisualStudioVersion = 10.0.40219.1
Project("{9A19103F-16F7-4668-BE54-9A1E7A4F7556}") = "NetGeoCode", "NetGeoCode\NetGeoCode.csproj", "{417459D7-14A8-49BA-A616-C7FBB85A7A64}"
EndProject
Project("{FAE04EC0-301F-11D3-BF4B-00C04F79EFBC}") = "NetGeoCodeTests", "NetGeoCodeTests\NetGeoCodeTests.csproj", "{0786D06C-3CA9-43A9-8719-D4C4F128F48A}"
EndProject
Project("{FAE04EC0-301F-11D3-BF4B-00C04F79EFBC}") = "ConsoleApp1", "ConsoleApp1\ConsoleApp1.csproj", "{EC36CBE7-B421-4C02-84B0-77B4E8FFB2B8}"
EndProject
Global
	GlobalSection(SolutionConfigurationPlatforms) = preSolution
		Debug|Any CPU = Debug|Any CPU
		Release|Any CPU = Release|Any CPU
	EndGlobalSection
	GlobalSection(ProjectConfigurationPlatforms) = postSolution
		{417459D7-14A8-49BA-A616-C7FBB85A7A64}.Debug|Any CPU.ActiveCfg = Debug|Any CPU
		{417459D7-14A8-49BA-A616-C7FBB85A7A64}.Debug|Any CPU.Build.0 = Debug|Any CPU
		{417459D7-14A8-49BA-A616-C7FBB85A7A64}.Release|Any CPU.ActiveCfg = Release|Any CPU
		{417459D7-14A8-49BA-A616-C7FBB85A7A64}.Release|Any CPU.Build.0 = Release|Any CPU
		{0786D06C-3CA9-43A9-8719-D4C4F128F48A}.Debug|Any CPU.ActiveCfg = Debug|Any CPU
		{0786D06C-3CA9-43A9-8719-D4C4F128F48A}.Debug|Any CPU.Build.0 = Debug|Any CPU
		{0786D06C-3CA9-43A9-8719-D4C4F128F48A}.Release|Any CPU.ActiveCfg = Release|Any CPU
		{0786D06C-3CA9-43A9-8719-D4C4F128F48A}.Release|Any CPU.Build.0 = Release|Any CPU
		{EC36CBE7-B421-4C02-84B0-77B4E8FFB2B8}.Debug|Any CPU.ActiveCfg = Debug|Any CPU
		{EC36CBE7-B421-4C02-84B0-77B4E8FFB2B8}.Debug|Any CPU.Build.0 = Debug|Any CPU
		{EC36CBE7-B421-4C02-84B0-77B4E8FFB2B8}.Release|Any CPU.ActiveCfg = Release|Any CPU
		{EC36CBE7-B421-4C02-84B0-77B4E8FFB2B8}.Release|Any CPU.Build.0 = Release|Any CPU
	EndGlobalSection
	GlobalSection(SolutionProperties) = preSolution
		HideSolutionNode = FALSE
	EndGlobalSection
	GlobalSection(ExtensibilityGlobals) = postSolution
		SolutionGuid = {F17DA426-A462-4CEA-8DF9-0F6F33062229}
	EndGlobalSection
EndGlobal
